
Microsoft Visual Studio Solution File, Format Version 12.00
# Visual Studio 2012
Project("{2150E333-8FDC-42A3-9474-1A3956D46DE8}") = "Data structures", "Data structures", "{99AEB7B6-FEE3-46E8-A00D-0FD465FE40B6}"
EndProject
Project("{2150E333-8FDC-42A3-9474-1A3956D46DE8}") = "SQRT-Decomposition", "SQRT-Decomposition", "{1F87ECE9-6658-4C60-AB51-8A274AABB6B3}"
	ProjectSection(SolutionItems) = preProject
		Data Structures\SQRT-Decomposition\Description.txt = Data Structures\SQRT-Decomposition\Description.txt
	EndProjectSection
EndProject
Project("{FAE04EC0-301F-11D3-BF4B-00C04F79EFBC}") = "RangeSumProblem", "Data Structures\SQRT-Decomposition\RangeSumProblem\RangeSumProblem.csproj", "{536E8030-CD1F-4E36-8864-195F59FF0454}"
EndProject
Project("{2150E333-8FDC-42A3-9474-1A3956D46DE8}") = "Tests", "Tests", "{3571690E-8781-401C-B5B6-210596542C46}"
EndProject
Project("{2150E333-8FDC-42A3-9474-1A3956D46DE8}") = "Data structures", "Data structures", "{689869E2-229B-41E8-8A75-8B282C266DF7}"
EndProject
Project("{FAE04EC0-301F-11D3-BF4B-00C04F79EFBC}") = "SQRT-DecompositionTests", "Tests\Data Structures\SQRT-DecompositionTests\SQRT-DecompositionTests.csproj", "{95603FCF-26D9-427F-A204-6A760ED7F106}"
EndProject
Project("{2150E333-8FDC-42A3-9474-1A3956D46DE8}") = "Binary Heap", "Binary Heap", "{A89F0B65-B83D-4D19-8B54-D642343315D6}"
	ProjectSection(SolutionItems) = preProject
		Data Structures\Binary Heap\Description.txt = Data Structures\Binary Heap\Description.txt
	EndProjectSection
EndProject
Project("{FAE04EC0-301F-11D3-BF4B-00C04F79EFBC}") = "BinaryHeapLibrary", "Data Structures\Binary Heap\BinaryHeapLibrary\BinaryHeapLibrary.csproj", "{C44BA0AD-291D-44E8-8E16-152835245B0D}"
EndProject
Project("{FAE04EC0-301F-11D3-BF4B-00C04F79EFBC}") = "BinaryHeapTests", "Tests\Data Structures\BinaryHeapTests\BinaryHeapTests.csproj", "{FCCF1083-BB00-4683-83E7-00940F81DCB3}"
EndProject
Project("{2150E333-8FDC-42A3-9474-1A3956D46DE8}") = "Sorting", "Sorting", "{D6FB1FDE-DE2D-4610-9600-0E88C38766F1}"
EndProject
Project("{FAE04EC0-301F-11D3-BF4B-00C04F79EFBC}") = "SortingTests", "Tests\SortingTests\SortingTests.csproj", "{7CD31319-7C49-42E7-B9D9-6A8C336B55D5}"
EndProject
Project("{FAE04EC0-301F-11D3-BF4B-00C04F79EFBC}") = "SortingAlgorithmsLibrary", "Sorting\SortingAlgorithmsLibrary\SortingAlgorithmsLibrary.csproj", "{95D82183-9155-4479-AA17-9DA97AE7A552}"
EndProject
Project("{2150E333-8FDC-42A3-9474-1A3956D46DE8}") = "Binary Search Tree", "Binary Search Tree", "{17664728-6122-4C28-9BBD-E572A5BD90BA}"
EndProject
Project("{FAE04EC0-301F-11D3-BF4B-00C04F79EFBC}") = "BinarySearchTreeTests", "Tests\Data Structures\BinarySearchTreeTests\BinarySearchTreeTests.csproj", "{98EB311D-8945-49AC-AC66-455B5DDC821B}"
EndProject
Project("{FAE04EC0-301F-11D3-BF4B-00C04F79EFBC}") = "BinarySearchTreeLibrary", "Data Structures\Binary Search Tree\BinarySearchTreeLibrary\BinarySearchTreeLibrary.csproj", "{1796D14D-EB52-4796-BAFA-C9B7CF6ABB25}"
EndProject
Project("{FAE04EC0-301F-11D3-BF4B-00C04F79EFBC}") = "OrderStatisticTreeLibrary", "Data Structures\Binary Search Tree\OrderStatisticTreeLibrary\OrderStatisticTreeLibrary.csproj", "{D0C27D97-F5FC-4D22-8ED3-95511AB0B885}"
EndProject
Project("{FAE04EC0-301F-11D3-BF4B-00C04F79EFBC}") = "OrderStatisticTreeTests", "Tests\Data Structures\OrderStatisticTreeTests\OrderStatisticTreeTests.csproj", "{FF12CE39-B80C-4F88-859C-7415C1F62C08}"
EndProject
Project("{FAE04EC0-301F-11D3-BF4B-00C04F79EFBC}") = "SortingTestPorject", "Sorting\SortingTestPorject\SortingTestPorject.csproj", "{6A911ECC-A951-4AA8-84ED-D6384E85E350}"
EndProject
Project("{2150E333-8FDC-42A3-9474-1A3956D46DE8}") = "Trie", "Trie", "{40D2C56C-161D-42F8-A266-831C6FDE2FE7}"
EndProject
Project("{FAE04EC0-301F-11D3-BF4B-00C04F79EFBC}") = "TrieLibrary", "Data Structures\Trie\TrieLibrary\TrieLibrary.csproj", "{03D5AF62-D685-4A6C-80B3-25A2CAD1711C}"
EndProject
Project("{FAE04EC0-301F-11D3-BF4B-00C04F79EFBC}") = "TrieTests", "Tests\Data Structures\TrieTests\TrieTests.csproj", "{5E71B3CF-8492-4CE1-B489-7AE982240102}"
EndProject
Project("{FAE04EC0-301F-11D3-BF4B-00C04F79EFBC}") = "ExternalSorting", "Sorting\ExternalSorting\ExternalSorting.csproj", "{6B4C7548-E669-4863-B546-9C742C8BB240}"
EndProject
Project("{2150E333-8FDC-42A3-9474-1A3956D46DE8}") = "Misc", "Misc", "{FD3E2F5E-56D6-4DD6-A04F-9786E36BC2A6}"
EndProject
Project("{FAE04EC0-301F-11D3-BF4B-00C04F79EFBC}") = "Longest Increasing Subsequence", "Misc\Longest Increasing Subsequence\Longest Increasing Subsequence.csproj", "{7B28FB24-F9E1-4084-A242-3D3959D7A35A}"
EndProject
Project("{FAE04EC0-301F-11D3-BF4B-00C04F79EFBC}") = "Median Of Two Sorted Arrays", "Misc\Median Of Two Sorted Arrays\Median Of Two Sorted Arrays.csproj", "{4753E7CF-D495-4C43-982A-29D9F7B97027}"
EndProject
Global
	GlobalSection(SolutionConfigurationPlatforms) = preSolution
		Debug|Any CPU = Debug|Any CPU
		Release|Any CPU = Release|Any CPU
	EndGlobalSection
	GlobalSection(ProjectConfigurationPlatforms) = postSolution
		{536E8030-CD1F-4E36-8864-195F59FF0454}.Debug|Any CPU.ActiveCfg = Debug|Any CPU
		{536E8030-CD1F-4E36-8864-195F59FF0454}.Debug|Any CPU.Build.0 = Debug|Any CPU
		{536E8030-CD1F-4E36-8864-195F59FF0454}.Release|Any CPU.ActiveCfg = Release|Any CPU
		{536E8030-CD1F-4E36-8864-195F59FF0454}.Release|Any CPU.Build.0 = Release|Any CPU
		{95603FCF-26D9-427F-A204-6A760ED7F106}.Debug|Any CPU.ActiveCfg = Debug|Any CPU
		{95603FCF-26D9-427F-A204-6A760ED7F106}.Debug|Any CPU.Build.0 = Debug|Any CPU
		{95603FCF-26D9-427F-A204-6A760ED7F106}.Release|Any CPU.ActiveCfg = Release|Any CPU
		{95603FCF-26D9-427F-A204-6A760ED7F106}.Release|Any CPU.Build.0 = Release|Any CPU
		{C44BA0AD-291D-44E8-8E16-152835245B0D}.Debug|Any CPU.ActiveCfg = Debug|Any CPU
		{C44BA0AD-291D-44E8-8E16-152835245B0D}.Debug|Any CPU.Build.0 = Debug|Any CPU
		{C44BA0AD-291D-44E8-8E16-152835245B0D}.Release|Any CPU.ActiveCfg = Release|Any CPU
		{C44BA0AD-291D-44E8-8E16-152835245B0D}.Release|Any CPU.Build.0 = Release|Any CPU
		{FCCF1083-BB00-4683-83E7-00940F81DCB3}.Debug|Any CPU.ActiveCfg = Debug|Any CPU
		{FCCF1083-BB00-4683-83E7-00940F81DCB3}.Debug|Any CPU.Build.0 = Debug|Any CPU
		{FCCF1083-BB00-4683-83E7-00940F81DCB3}.Release|Any CPU.ActiveCfg = Release|Any CPU
		{FCCF1083-BB00-4683-83E7-00940F81DCB3}.Release|Any CPU.Build.0 = Release|Any CPU
		{7CD31319-7C49-42E7-B9D9-6A8C336B55D5}.Debug|Any CPU.ActiveCfg = Debug|Any CPU
		{7CD31319-7C49-42E7-B9D9-6A8C336B55D5}.Debug|Any CPU.Build.0 = Debug|Any CPU
		{7CD31319-7C49-42E7-B9D9-6A8C336B55D5}.Release|Any CPU.ActiveCfg = Release|Any CPU
		{7CD31319-7C49-42E7-B9D9-6A8C336B55D5}.Release|Any CPU.Build.0 = Release|Any CPU
		{95D82183-9155-4479-AA17-9DA97AE7A552}.Debug|Any CPU.ActiveCfg = Debug|Any CPU
		{95D82183-9155-4479-AA17-9DA97AE7A552}.Debug|Any CPU.Build.0 = Debug|Any CPU
		{95D82183-9155-4479-AA17-9DA97AE7A552}.Release|Any CPU.ActiveCfg = Release|Any CPU
		{95D82183-9155-4479-AA17-9DA97AE7A552}.Release|Any CPU.Build.0 = Release|Any CPU
		{98EB311D-8945-49AC-AC66-455B5DDC821B}.Debug|Any CPU.ActiveCfg = Debug|Any CPU
		{98EB311D-8945-49AC-AC66-455B5DDC821B}.Debug|Any CPU.Build.0 = Debug|Any CPU
		{98EB311D-8945-49AC-AC66-455B5DDC821B}.Release|Any CPU.ActiveCfg = Release|Any CPU
		{98EB311D-8945-49AC-AC66-455B5DDC821B}.Release|Any CPU.Build.0 = Release|Any CPU
		{1796D14D-EB52-4796-BAFA-C9B7CF6ABB25}.Debug|Any CPU.ActiveCfg = Debug|Any CPU
		{1796D14D-EB52-4796-BAFA-C9B7CF6ABB25}.Debug|Any CPU.Build.0 = Debug|Any CPU
		{1796D14D-EB52-4796-BAFA-C9B7CF6ABB25}.Release|Any CPU.ActiveCfg = Release|Any CPU
		{1796D14D-EB52-4796-BAFA-C9B7CF6ABB25}.Release|Any CPU.Build.0 = Release|Any CPU
		{D0C27D97-F5FC-4D22-8ED3-95511AB0B885}.Debug|Any CPU.ActiveCfg = Debug|Any CPU
		{D0C27D97-F5FC-4D22-8ED3-95511AB0B885}.Debug|Any CPU.Build.0 = Debug|Any CPU
		{D0C27D97-F5FC-4D22-8ED3-95511AB0B885}.Release|Any CPU.ActiveCfg = Release|Any CPU
		{D0C27D97-F5FC-4D22-8ED3-95511AB0B885}.Release|Any CPU.Build.0 = Release|Any CPU
		{FF12CE39-B80C-4F88-859C-7415C1F62C08}.Debug|Any CPU.ActiveCfg = Debug|Any CPU
		{FF12CE39-B80C-4F88-859C-7415C1F62C08}.Debug|Any CPU.Build.0 = Debug|Any CPU
		{FF12CE39-B80C-4F88-859C-7415C1F62C08}.Release|Any CPU.ActiveCfg = Release|Any CPU
		{FF12CE39-B80C-4F88-859C-7415C1F62C08}.Release|Any CPU.Build.0 = Release|Any CPU
		{6A911ECC-A951-4AA8-84ED-D6384E85E350}.Debug|Any CPU.ActiveCfg = Debug|Any CPU
		{6A911ECC-A951-4AA8-84ED-D6384E85E350}.Debug|Any CPU.Build.0 = Debug|Any CPU
		{6A911ECC-A951-4AA8-84ED-D6384E85E350}.Release|Any CPU.ActiveCfg = Release|Any CPU
		{6A911ECC-A951-4AA8-84ED-D6384E85E350}.Release|Any CPU.Build.0 = Release|Any CPU
		{03D5AF62-D685-4A6C-80B3-25A2CAD1711C}.Debug|Any CPU.ActiveCfg = Debug|Any CPU
		{03D5AF62-D685-4A6C-80B3-25A2CAD1711C}.Debug|Any CPU.Build.0 = Debug|Any CPU
		{03D5AF62-D685-4A6C-80B3-25A2CAD1711C}.Release|Any CPU.ActiveCfg = Release|Any CPU
		{03D5AF62-D685-4A6C-80B3-25A2CAD1711C}.Release|Any CPU.Build.0 = Release|Any CPU
		{5E71B3CF-8492-4CE1-B489-7AE982240102}.Debug|Any CPU.ActiveCfg = Debug|Any CPU
		{5E71B3CF-8492-4CE1-B489-7AE982240102}.Debug|Any CPU.Build.0 = Debug|Any CPU
		{5E71B3CF-8492-4CE1-B489-7AE982240102}.Release|Any CPU.ActiveCfg = Release|Any CPU
		{5E71B3CF-8492-4CE1-B489-7AE982240102}.Release|Any CPU.Build.0 = Release|Any CPU
		{6B4C7548-E669-4863-B546-9C742C8BB240}.Debug|Any CPU.ActiveCfg = Debug|Any CPU
		{6B4C7548-E669-4863-B546-9C742C8BB240}.Debug|Any CPU.Build.0 = Debug|Any CPU
		{6B4C7548-E669-4863-B546-9C742C8BB240}.Release|Any CPU.ActiveCfg = Release|Any CPU
		{6B4C7548-E669-4863-B546-9C742C8BB240}.Release|Any CPU.Build.0 = Release|Any CPU
		{7B28FB24-F9E1-4084-A242-3D3959D7A35A}.Debug|Any CPU.ActiveCfg = Debug|Any CPU
		{7B28FB24-F9E1-4084-A242-3D3959D7A35A}.Debug|Any CPU.Build.0 = Debug|Any CPU
		{7B28FB24-F9E1-4084-A242-3D3959D7A35A}.Release|Any CPU.ActiveCfg = Release|Any CPU
		{7B28FB24-F9E1-4084-A242-3D3959D7A35A}.Release|Any CPU.Build.0 = Release|Any CPU
		{4753E7CF-D495-4C43-982A-29D9F7B97027}.Debug|Any CPU.ActiveCfg = Debug|Any CPU
		{4753E7CF-D495-4C43-982A-29D9F7B97027}.Debug|Any CPU.Build.0 = Debug|Any CPU
		{4753E7CF-D495-4C43-982A-29D9F7B97027}.Release|Any CPU.ActiveCfg = Release|Any CPU
		{4753E7CF-D495-4C43-982A-29D9F7B97027}.Release|Any CPU.Build.0 = Release|Any CPU
	EndGlobalSection
	GlobalSection(SolutionProperties) = preSolution
		HideSolutionNode = FALSE
	EndGlobalSection
	GlobalSection(NestedProjects) = preSolution
		{1F87ECE9-6658-4C60-AB51-8A274AABB6B3} = {99AEB7B6-FEE3-46E8-A00D-0FD465FE40B6}
		{A89F0B65-B83D-4D19-8B54-D642343315D6} = {99AEB7B6-FEE3-46E8-A00D-0FD465FE40B6}
		{17664728-6122-4C28-9BBD-E572A5BD90BA} = {99AEB7B6-FEE3-46E8-A00D-0FD465FE40B6}
		{40D2C56C-161D-42F8-A266-831C6FDE2FE7} = {99AEB7B6-FEE3-46E8-A00D-0FD465FE40B6}
		{536E8030-CD1F-4E36-8864-195F59FF0454} = {1F87ECE9-6658-4C60-AB51-8A274AABB6B3}
		{689869E2-229B-41E8-8A75-8B282C266DF7} = {3571690E-8781-401C-B5B6-210596542C46}
		{7CD31319-7C49-42E7-B9D9-6A8C336B55D5} = {3571690E-8781-401C-B5B6-210596542C46}
		{95603FCF-26D9-427F-A204-6A760ED7F106} = {689869E2-229B-41E8-8A75-8B282C266DF7}
		{FCCF1083-BB00-4683-83E7-00940F81DCB3} = {689869E2-229B-41E8-8A75-8B282C266DF7}
		{98EB311D-8945-49AC-AC66-455B5DDC821B} = {689869E2-229B-41E8-8A75-8B282C266DF7}
		{FF12CE39-B80C-4F88-859C-7415C1F62C08} = {689869E2-229B-41E8-8A75-8B282C266DF7}
		{5E71B3CF-8492-4CE1-B489-7AE982240102} = {689869E2-229B-41E8-8A75-8B282C266DF7}
		{C44BA0AD-291D-44E8-8E16-152835245B0D} = {A89F0B65-B83D-4D19-8B54-D642343315D6}
		{95D82183-9155-4479-AA17-9DA97AE7A552} = {D6FB1FDE-DE2D-4610-9600-0E88C38766F1}
		{6A911ECC-A951-4AA8-84ED-D6384E85E350} = {D6FB1FDE-DE2D-4610-9600-0E88C38766F1}
		{6B4C7548-E669-4863-B546-9C742C8BB240} = {D6FB1FDE-DE2D-4610-9600-0E88C38766F1}
		{1796D14D-EB52-4796-BAFA-C9B7CF6ABB25} = {17664728-6122-4C28-9BBD-E572A5BD90BA}
		{D0C27D97-F5FC-4D22-8ED3-95511AB0B885} = {17664728-6122-4C28-9BBD-E572A5BD90BA}
		{03D5AF62-D685-4A6C-80B3-25A2CAD1711C} = {40D2C56C-161D-42F8-A266-831C6FDE2FE7}
		{7B28FB24-F9E1-4084-A242-3D3959D7A35A} = {FD3E2F5E-56D6-4DD6-A04F-9786E36BC2A6}
		{4753E7CF-D495-4C43-982A-29D9F7B97027} = {FD3E2F5E-56D6-4DD6-A04F-9786E36BC2A6}
	EndGlobalSection
EndGlobal
